
Microsoft Visual Studio Solution File, Format Version 12.00
# Visual Studio Version 17
VisualStudioVersion = 17.1.32319.34
MinimumVisualStudioVersion = 10.0.40219.1
Project("{FAE04EC0-301F-11D3-BF4B-00C04F79EFBC}") = "Lab", "Lab.csproj", "{2A09054E-7666-4254-AB64-FF2D5AD05603}"
EndProject
Global
	GlobalSection(SolutionConfigurationPlatforms) = preSolution
		Debug|Any CPU = Debug|Any CPU
		Release|Any CPU = Release|Any CPU
	EndGlobalSection
	GlobalSection(ProjectConfigurationPlatforms) = postSolution
		{2A09054E-7666-4254-AB64-FF2D5AD05603}.Debug|Any CPU.ActiveCfg = Debug|Any CPU
		{2A09054E-7666-4254-AB64-FF2D5AD05603}.Debug|Any CPU.Build.0 = Debug|Any CPU
		{2A09054E-7666-4254-AB64-FF2D5AD05603}.Release|Any CPU.ActiveCfg = Release|Any CPU
		{2A09054E-7666-4254-AB64-FF2D5AD05603}.Release|Any CPU.Build.0 = Release|Any CPU
	EndGlobalSection
	GlobalSection(SolutionProperties) = preSolution
		HideSolutionNode = FALSE
	EndGlobalSection
	GlobalSection(ExtensibilityGlobals) = postSolution
		SolutionGuid = {9BFAFAE1-225D-4807-8EA4-5093ECAEE551}
	EndGlobalSection
EndGlobal
